
Microsoft Visual Studio Solution File, Format Version 12.00
# Visual Studio Version 17
VisualStudioVersion = 17.4.33213.308
MinimumVisualStudioVersion = 10.0.40219.1
Project("{FAE04EC0-301F-11D3-BF4B-00C04F79EFBC}") = "TestTaskVebTech", "TestTaskVebTech\TestTaskVebTech.csproj", "{C593D240-3C08-410A-B0D5-6ECD2F5802DB}"
EndProject
Project("{FAE04EC0-301F-11D3-BF4B-00C04F79EFBC}") = "TestTaskVebTech.Data", "TestTaskVebTech.Data\TestTaskVebTech.Data.csproj", "{A315D9AB-FBF5-48C6-BF93-C47D2A9F891C}"
EndProject
Project("{FAE04EC0-301F-11D3-BF4B-00C04F79EFBC}") = "TestTaskVebTech.Bussiness", "TestTaskVebTech.Bussiness\TestTaskVebTech.Bussiness.csproj", "{A954293F-F550-4D24-A362-AE80A44E9686}"
EndProject
Global
	GlobalSection(SolutionConfigurationPlatforms) = preSolution
		Debug|Any CPU = Debug|Any CPU
		Release|Any CPU = Release|Any CPU
	EndGlobalSection
	GlobalSection(ProjectConfigurationPlatforms) = postSolution
		{C593D240-3C08-410A-B0D5-6ECD2F5802DB}.Debug|Any CPU.ActiveCfg = Debug|Any CPU
		{C593D240-3C08-410A-B0D5-6ECD2F5802DB}.Debug|Any CPU.Build.0 = Debug|Any CPU
		{C593D240-3C08-410A-B0D5-6ECD2F5802DB}.Release|Any CPU.ActiveCfg = Release|Any CPU
		{C593D240-3C08-410A-B0D5-6ECD2F5802DB}.Release|Any CPU.Build.0 = Release|Any CPU
		{A315D9AB-FBF5-48C6-BF93-C47D2A9F891C}.Debug|Any CPU.ActiveCfg = Debug|Any CPU
		{A315D9AB-FBF5-48C6-BF93-C47D2A9F891C}.Debug|Any CPU.Build.0 = Debug|Any CPU
		{A315D9AB-FBF5-48C6-BF93-C47D2A9F891C}.Release|Any CPU.ActiveCfg = Release|Any CPU
		{A315D9AB-FBF5-48C6-BF93-C47D2A9F891C}.Release|Any CPU.Build.0 = Release|Any CPU
		{A954293F-F550-4D24-A362-AE80A44E9686}.Debug|Any CPU.ActiveCfg = Debug|Any CPU
		{A954293F-F550-4D24-A362-AE80A44E9686}.Debug|Any CPU.Build.0 = Debug|Any CPU
		{A954293F-F550-4D24-A362-AE80A44E9686}.Release|Any CPU.ActiveCfg = Release|Any CPU
		{A954293F-F550-4D24-A362-AE80A44E9686}.Release|Any CPU.Build.0 = Release|Any CPU
	EndGlobalSection
	GlobalSection(SolutionProperties) = preSolution
		HideSolutionNode = FALSE
	EndGlobalSection
	GlobalSection(ExtensibilityGlobals) = postSolution
		SolutionGuid = {C768AD10-EC4C-402D-9C15-1BA3BF9E35DC}
	EndGlobalSection
EndGlobal
